
Microsoft Visual Studio Solution File, Format Version 12.00
# Visual Studio Version 16
VisualStudioVersion = 16.0.30711.63
MinimumVisualStudioVersion = 10.0.40219.1
Project("{9A19103F-16F7-4668-BE54-9A1E7A4F7556}") = "Pesebrera.V1", "Pesebrera.V1\Pesebrera.V1.csproj", "{EA80F79B-CDC9-4314-973C-6BB1EA96A592}"
EndProject
Project("{9A19103F-16F7-4668-BE54-9A1E7A4F7556}") = "Pesebrera.V2", "Pesebrera.V2\Pesebrera.V2.csproj", "{ADFFD0E5-DAD9-4CD2-BC75-676313D196AA}"
EndProject
Project("{9A19103F-16F7-4668-BE54-9A1E7A4F7556}") = "Pesebrera.V3", "Pesebrera.V3\Pesebrera.V3.csproj", "{F520B30C-54D5-47C3-B1AD-5748BEE07A8E}"
EndProject
Project("{9A19103F-16F7-4668-BE54-9A1E7A4F7556}") = "Pesebrera.V4", "Pesebrera.V4\Pesebrera.V4.csproj", "{3CC8C73E-5B2A-41B7-861C-55F068F63082}"
EndProject
Project("{2150E333-8FDC-42A3-9474-1A3956D46DE8}") = "Onion", "Onion", "{07161918-A75D-45E8-93CE-854C5FB53197}"
EndProject
Project("{2150E333-8FDC-42A3-9474-1A3956D46DE8}") = "1.UI", "1.UI", "{9ECFF5BA-E7D6-4BEA-98FE-5364EE168D04}"
EndProject
Project("{2150E333-8FDC-42A3-9474-1A3956D46DE8}") = "2.Application", "2.Application", "{20A7BE49-6847-46CA-949B-E8AFE565F370}"
EndProject
Project("{2150E333-8FDC-42A3-9474-1A3956D46DE8}") = "3.Domain", "3.Domain", "{633AF38A-D13D-46F1-B895-85E9B8310799}"
EndProject
Project("{2150E333-8FDC-42A3-9474-1A3956D46DE8}") = "4.Infrastructure", "4.Infrastructure", "{6710491D-182E-41BA-963D-5E294A288BD6}"
EndProject
Project("{9A19103F-16F7-4668-BE54-9A1E7A4F7556}") = "Pesebrera.Application.Interfaces", "Onion\2.Application\Pesebrera.Application.Interfaces\Pesebrera.Application.Interfaces.csproj", "{835A87E7-5BB8-4897-BAC2-116E98D5B74F}"
EndProject
Project("{9A19103F-16F7-4668-BE54-9A1E7A4F7556}") = "Pesebrera.Application.Services", "Onion\2.Application\Pesebrera.Application.Services\Pesebrera.Application.Services.csproj", "{F3C1897D-22C0-4542-8485-05850317D2A2}"
EndProject
Project("{9A19103F-16F7-4668-BE54-9A1E7A4F7556}") = "Pesebrera.Domain.Interfaces", "Onion\3.Domain\Pesebrera.Domain.Interfaces\Pesebrera.Domain.Interfaces.csproj", "{AEB1FF59-C587-44EE-B510-E72D8762961D}"
EndProject
Project("{9A19103F-16F7-4668-BE54-9A1E7A4F7556}") = "Pesebrera.Domain.Entities", "Onion\3.Domain\Pesebrera.Domain.Entities\Pesebrera.Domain.Entities.csproj", "{F8B6D325-A9FF-4C13-A7F1-0E19B6D46988}"
EndProject
Project("{9A19103F-16F7-4668-BE54-9A1E7A4F7556}") = "Pesebrera.UI.ConsoleApp", "Onion\1.UI\Pesebrera.UI.ConsoleApp\Pesebrera.UI.ConsoleApp.csproj", "{15DB56A8-1BCC-40A8-923F-E0FF131BEB83}"
EndProject
Project("{9A19103F-16F7-4668-BE54-9A1E7A4F7556}") = "Pesebrera.Infrastructure.IoC", "Onion\4.Infrastructure\Pesebrera.Infrastructure.IoC\Pesebrera.Infrastructure.IoC.csproj", "{C00A1844-60B7-4883-9554-56245B243FF0}"
EndProject
Project("{9A19103F-16F7-4668-BE54-9A1E7A4F7556}") = "Pesebrera.Infrastructure.Repositories", "Onion\4.Infrastructure\Pesebrera.Infrastructure.Repositories\Pesebrera.Infrastructure.Repositories.csproj", "{B120AA5F-EAFE-45E3-AA4E-2AE3EBB9FEF1}"
EndProject
Project("{9A19103F-16F7-4668-BE54-9A1E7A4F7556}") = "Pesebrera.Domain.Services", "Onion\3.Domain\Pesebrera.Domain.Services\Pesebrera.Domain.Services.csproj", "{B407623A-2DBB-457E-A473-BB9FB53E49B9}"
EndProject
Project("{2150E333-8FDC-42A3-9474-1A3956D46DE8}") = "5.Test", "5.Test", "{899AE858-3BCF-4398-8E5F-2918374B7930}"
EndProject
Project("{9A19103F-16F7-4668-BE54-9A1E7A4F7556}") = "Pesebrera.Test.UnitTests", "Onion\5.Test\Pesebrera.Test.UnitTests\Pesebrera.Test.UnitTests.csproj", "{ED093F44-2FDF-41A2-90A8-371A3DB302AA}"
EndProject
Project("{9A19103F-16F7-4668-BE54-9A1E7A4F7556}") = "Pesebrera.Test.IntegrationTest", "Onion\5.Test\Pesebrera.Test.IntegrationTest\Pesebrera.Test.IntegrationTest.csproj", "{441FF9FB-B403-4E51-9442-373599175F81}"
EndProject
Project("{2150E333-8FDC-42A3-9474-1A3956D46DE8}") = "Traditional", "Traditional", "{DD34D2D1-E072-4580-8F6D-AEFFD96B3312}"
EndProject
Project("{FAE04EC0-301F-11D3-BF4B-00C04F79EFBC}") = "Pesebrera.Presentation", "Traditional\Pesebrera.Presentation\Pesebrera.Presentation.csproj", "{9932E46F-E37E-4B5C-9E90-87D83035A33F}"
EndProject
Project("{FAE04EC0-301F-11D3-BF4B-00C04F79EFBC}") = "Pesebrera.BusinessLogic", "Traditional\Pesebrera.BusinessLogic\Pesebrera.BusinessLogic.csproj", "{ABEB0B6E-35E3-4BD2-A402-6C28FF9C5223}"
EndProject
Project("{FAE04EC0-301F-11D3-BF4B-00C04F79EFBC}") = "Pesebrera.Data", "Traditional\Pesebrera.Data\Pesebrera.Data.csproj", "{3743BD0F-B129-4B55-922F-58C3943057A4}"
EndProject
Global
	GlobalSection(SolutionConfigurationPlatforms) = preSolution
		Debug|Any CPU = Debug|Any CPU
		Release|Any CPU = Release|Any CPU
	EndGlobalSection
	GlobalSection(ProjectConfigurationPlatforms) = postSolution
		{EA80F79B-CDC9-4314-973C-6BB1EA96A592}.Debug|Any CPU.ActiveCfg = Debug|Any CPU
		{EA80F79B-CDC9-4314-973C-6BB1EA96A592}.Debug|Any CPU.Build.0 = Debug|Any CPU
		{EA80F79B-CDC9-4314-973C-6BB1EA96A592}.Release|Any CPU.ActiveCfg = Release|Any CPU
		{EA80F79B-CDC9-4314-973C-6BB1EA96A592}.Release|Any CPU.Build.0 = Release|Any CPU
		{ADFFD0E5-DAD9-4CD2-BC75-676313D196AA}.Debug|Any CPU.ActiveCfg = Debug|Any CPU
		{ADFFD0E5-DAD9-4CD2-BC75-676313D196AA}.Debug|Any CPU.Build.0 = Debug|Any CPU
		{ADFFD0E5-DAD9-4CD2-BC75-676313D196AA}.Release|Any CPU.ActiveCfg = Release|Any CPU
		{ADFFD0E5-DAD9-4CD2-BC75-676313D196AA}.Release|Any CPU.Build.0 = Release|Any CPU
		{F520B30C-54D5-47C3-B1AD-5748BEE07A8E}.Debug|Any CPU.ActiveCfg = Debug|Any CPU
		{F520B30C-54D5-47C3-B1AD-5748BEE07A8E}.Debug|Any CPU.Build.0 = Debug|Any CPU
		{F520B30C-54D5-47C3-B1AD-5748BEE07A8E}.Release|Any CPU.ActiveCfg = Release|Any CPU
		{F520B30C-54D5-47C3-B1AD-5748BEE07A8E}.Release|Any CPU.Build.0 = Release|Any CPU
		{3CC8C73E-5B2A-41B7-861C-55F068F63082}.Debug|Any CPU.ActiveCfg = Debug|Any CPU
		{3CC8C73E-5B2A-41B7-861C-55F068F63082}.Debug|Any CPU.Build.0 = Debug|Any CPU
		{3CC8C73E-5B2A-41B7-861C-55F068F63082}.Release|Any CPU.ActiveCfg = Release|Any CPU
		{3CC8C73E-5B2A-41B7-861C-55F068F63082}.Release|Any CPU.Build.0 = Release|Any CPU
		{835A87E7-5BB8-4897-BAC2-116E98D5B74F}.Debug|Any CPU.ActiveCfg = Debug|Any CPU
		{835A87E7-5BB8-4897-BAC2-116E98D5B74F}.Debug|Any CPU.Build.0 = Debug|Any CPU
		{835A87E7-5BB8-4897-BAC2-116E98D5B74F}.Release|Any CPU.ActiveCfg = Release|Any CPU
		{835A87E7-5BB8-4897-BAC2-116E98D5B74F}.Release|Any CPU.Build.0 = Release|Any CPU
		{F3C1897D-22C0-4542-8485-05850317D2A2}.Debug|Any CPU.ActiveCfg = Debug|Any CPU
		{F3C1897D-22C0-4542-8485-05850317D2A2}.Debug|Any CPU.Build.0 = Debug|Any CPU
		{F3C1897D-22C0-4542-8485-05850317D2A2}.Release|Any CPU.ActiveCfg = Release|Any CPU
		{F3C1897D-22C0-4542-8485-05850317D2A2}.Release|Any CPU.Build.0 = Release|Any CPU
		{AEB1FF59-C587-44EE-B510-E72D8762961D}.Debug|Any CPU.ActiveCfg = Debug|Any CPU
		{AEB1FF59-C587-44EE-B510-E72D8762961D}.Debug|Any CPU.Build.0 = Debug|Any CPU
		{AEB1FF59-C587-44EE-B510-E72D8762961D}.Release|Any CPU.ActiveCfg = Release|Any CPU
		{AEB1FF59-C587-44EE-B510-E72D8762961D}.Release|Any CPU.Build.0 = Release|Any CPU
		{F8B6D325-A9FF-4C13-A7F1-0E19B6D46988}.Debug|Any CPU.ActiveCfg = Debug|Any CPU
		{F8B6D325-A9FF-4C13-A7F1-0E19B6D46988}.Debug|Any CPU.Build.0 = Debug|Any CPU
		{F8B6D325-A9FF-4C13-A7F1-0E19B6D46988}.Release|Any CPU.ActiveCfg = Release|Any CPU
		{F8B6D325-A9FF-4C13-A7F1-0E19B6D46988}.Release|Any CPU.Build.0 = Release|Any CPU
		{15DB56A8-1BCC-40A8-923F-E0FF131BEB83}.Debug|Any CPU.ActiveCfg = Debug|Any CPU
		{15DB56A8-1BCC-40A8-923F-E0FF131BEB83}.Debug|Any CPU.Build.0 = Debug|Any CPU
		{15DB56A8-1BCC-40A8-923F-E0FF131BEB83}.Release|Any CPU.ActiveCfg = Release|Any CPU
		{15DB56A8-1BCC-40A8-923F-E0FF131BEB83}.Release|Any CPU.Build.0 = Release|Any CPU
		{C00A1844-60B7-4883-9554-56245B243FF0}.Debug|Any CPU.ActiveCfg = Debug|Any CPU
		{C00A1844-60B7-4883-9554-56245B243FF0}.Debug|Any CPU.Build.0 = Debug|Any CPU
		{C00A1844-60B7-4883-9554-56245B243FF0}.Release|Any CPU.ActiveCfg = Release|Any CPU
		{C00A1844-60B7-4883-9554-56245B243FF0}.Release|Any CPU.Build.0 = Release|Any CPU
		{B120AA5F-EAFE-45E3-AA4E-2AE3EBB9FEF1}.Debug|Any CPU.ActiveCfg = Debug|Any CPU
		{B120AA5F-EAFE-45E3-AA4E-2AE3EBB9FEF1}.Debug|Any CPU.Build.0 = Debug|Any CPU
		{B120AA5F-EAFE-45E3-AA4E-2AE3EBB9FEF1}.Release|Any CPU.ActiveCfg = Release|Any CPU
		{B120AA5F-EAFE-45E3-AA4E-2AE3EBB9FEF1}.Release|Any CPU.Build.0 = Release|Any CPU
		{B407623A-2DBB-457E-A473-BB9FB53E49B9}.Debug|Any CPU.ActiveCfg = Debug|Any CPU
		{B407623A-2DBB-457E-A473-BB9FB53E49B9}.Debug|Any CPU.Build.0 = Debug|Any CPU
		{B407623A-2DBB-457E-A473-BB9FB53E49B9}.Release|Any CPU.ActiveCfg = Release|Any CPU
		{B407623A-2DBB-457E-A473-BB9FB53E49B9}.Release|Any CPU.Build.0 = Release|Any CPU
		{ED093F44-2FDF-41A2-90A8-371A3DB302AA}.Debug|Any CPU.ActiveCfg = Debug|Any CPU
		{ED093F44-2FDF-41A2-90A8-371A3DB302AA}.Debug|Any CPU.Build.0 = Debug|Any CPU
		{ED093F44-2FDF-41A2-90A8-371A3DB302AA}.Release|Any CPU.ActiveCfg = Release|Any CPU
		{ED093F44-2FDF-41A2-90A8-371A3DB302AA}.Release|Any CPU.Build.0 = Release|Any CPU
		{441FF9FB-B403-4E51-9442-373599175F81}.Debug|Any CPU.ActiveCfg = Debug|Any CPU
		{441FF9FB-B403-4E51-9442-373599175F81}.Debug|Any CPU.Build.0 = Debug|Any CPU
		{441FF9FB-B403-4E51-9442-373599175F81}.Release|Any CPU.ActiveCfg = Release|Any CPU
		{441FF9FB-B403-4E51-9442-373599175F81}.Release|Any CPU.Build.0 = Release|Any CPU
		{9932E46F-E37E-4B5C-9E90-87D83035A33F}.Debug|Any CPU.ActiveCfg = Debug|Any CPU
		{9932E46F-E37E-4B5C-9E90-87D83035A33F}.Debug|Any CPU.Build.0 = Debug|Any CPU
		{9932E46F-E37E-4B5C-9E90-87D83035A33F}.Release|Any CPU.ActiveCfg = Release|Any CPU
		{9932E46F-E37E-4B5C-9E90-87D83035A33F}.Release|Any CPU.Build.0 = Release|Any CPU
		{ABEB0B6E-35E3-4BD2-A402-6C28FF9C5223}.Debug|Any CPU.ActiveCfg = Debug|Any CPU
		{ABEB0B6E-35E3-4BD2-A402-6C28FF9C5223}.Debug|Any CPU.Build.0 = Debug|Any CPU
		{ABEB0B6E-35E3-4BD2-A402-6C28FF9C5223}.Release|Any CPU.ActiveCfg = Release|Any CPU
		{ABEB0B6E-35E3-4BD2-A402-6C28FF9C5223}.Release|Any CPU.Build.0 = Release|Any CPU
		{3743BD0F-B129-4B55-922F-58C3943057A4}.Debug|Any CPU.ActiveCfg = Debug|Any CPU
		{3743BD0F-B129-4B55-922F-58C3943057A4}.Debug|Any CPU.Build.0 = Debug|Any CPU
		{3743BD0F-B129-4B55-922F-58C3943057A4}.Release|Any CPU.ActiveCfg = Release|Any CPU
		{3743BD0F-B129-4B55-922F-58C3943057A4}.Release|Any CPU.Build.0 = Release|Any CPU
	EndGlobalSection
	GlobalSection(SolutionProperties) = preSolution
		HideSolutionNode = FALSE
	EndGlobalSection
	GlobalSection(NestedProjects) = preSolution
		{9ECFF5BA-E7D6-4BEA-98FE-5364EE168D04} = {07161918-A75D-45E8-93CE-854C5FB53197}
		{20A7BE49-6847-46CA-949B-E8AFE565F370} = {07161918-A75D-45E8-93CE-854C5FB53197}
		{633AF38A-D13D-46F1-B895-85E9B8310799} = {07161918-A75D-45E8-93CE-854C5FB53197}
		{6710491D-182E-41BA-963D-5E294A288BD6} = {07161918-A75D-45E8-93CE-854C5FB53197}
		{835A87E7-5BB8-4897-BAC2-116E98D5B74F} = {20A7BE49-6847-46CA-949B-E8AFE565F370}
		{F3C1897D-22C0-4542-8485-05850317D2A2} = {20A7BE49-6847-46CA-949B-E8AFE565F370}
		{AEB1FF59-C587-44EE-B510-E72D8762961D} = {633AF38A-D13D-46F1-B895-85E9B8310799}
		{F8B6D325-A9FF-4C13-A7F1-0E19B6D46988} = {633AF38A-D13D-46F1-B895-85E9B8310799}
		{15DB56A8-1BCC-40A8-923F-E0FF131BEB83} = {9ECFF5BA-E7D6-4BEA-98FE-5364EE168D04}
		{C00A1844-60B7-4883-9554-56245B243FF0} = {6710491D-182E-41BA-963D-5E294A288BD6}
		{B120AA5F-EAFE-45E3-AA4E-2AE3EBB9FEF1} = {6710491D-182E-41BA-963D-5E294A288BD6}
		{B407623A-2DBB-457E-A473-BB9FB53E49B9} = {633AF38A-D13D-46F1-B895-85E9B8310799}
		{899AE858-3BCF-4398-8E5F-2918374B7930} = {07161918-A75D-45E8-93CE-854C5FB53197}
		{ED093F44-2FDF-41A2-90A8-371A3DB302AA} = {899AE858-3BCF-4398-8E5F-2918374B7930}
		{441FF9FB-B403-4E51-9442-373599175F81} = {899AE858-3BCF-4398-8E5F-2918374B7930}
		{9932E46F-E37E-4B5C-9E90-87D83035A33F} = {DD34D2D1-E072-4580-8F6D-AEFFD96B3312}
		{ABEB0B6E-35E3-4BD2-A402-6C28FF9C5223} = {DD34D2D1-E072-4580-8F6D-AEFFD96B3312}
		{3743BD0F-B129-4B55-922F-58C3943057A4} = {DD34D2D1-E072-4580-8F6D-AEFFD96B3312}
	EndGlobalSection
	GlobalSection(ExtensibilityGlobals) = postSolution
		SolutionGuid = {EC9DF4A5-6313-45B2-9A95-E5A29FA21FE9}
	EndGlobalSection
EndGlobal
